
Microsoft Visual Studio Solution File, Format Version 12.00
# Visual Studio 11
Project("{FAE04EC0-301F-11D3-BF4B-00C04F79EFBC}") = "Crad.Windows.Forms.Actions", "Crad.Windows.Forms.Actions\Crad.Windows.Forms.Actions.csproj", "{6E50D1BD-D8EA-4992-8B25-C5A0D7E179A5}"
EndProject
Project("{FAE04EC0-301F-11D3-BF4B-00C04F79EFBC}") = "Crad.Windows.Forms.Actions.Sample", "ActionsDemo\Crad.Windows.Forms.Actions.Sample.csproj", "{88AB67C7-A0CF-4811-BC0F-7F908A38E9CF}"
EndProject
Global
	GlobalSection(SolutionConfigurationPlatforms) = preSolution
		Debug|Any CPU = Debug|Any CPU
		Release|Any CPU = Release|Any CPU
	EndGlobalSection
	GlobalSection(ProjectConfigurationPlatforms) = postSolution
		{6E50D1BD-D8EA-4992-8B25-C5A0D7E179A5}.Debug|Any CPU.ActiveCfg = Debug|Any CPU
		{6E50D1BD-D8EA-4992-8B25-C5A0D7E179A5}.Debug|Any CPU.Build.0 = Debug|Any CPU
		{6E50D1BD-D8EA-4992-8B25-C5A0D7E179A5}.Release|Any CPU.ActiveCfg = Release|Any CPU
		{6E50D1BD-D8EA-4992-8B25-C5A0D7E179A5}.Release|Any CPU.Build.0 = Release|Any CPU
		{88AB67C7-A0CF-4811-BC0F-7F908A38E9CF}.Debug|Any CPU.ActiveCfg = Debug|Any CPU
		{88AB67C7-A0CF-4811-BC0F-7F908A38E9CF}.Debug|Any CPU.Build.0 = Debug|Any CPU
		{88AB67C7-A0CF-4811-BC0F-7F908A38E9CF}.Release|Any CPU.ActiveCfg = Release|Any CPU
		{88AB67C7-A0CF-4811-BC0F-7F908A38E9CF}.Release|Any CPU.Build.0 = Release|Any CPU
	EndGlobalSection
	GlobalSection(SolutionProperties) = preSolution
		HideSolutionNode = FALSE
	EndGlobalSection
EndGlobal
